// !$*UTF8*$!
{
   archiveVersion = "1";
   objectVersion = "46";
   objects = {
      "GCLog::GCLog" = {
         isa = "PBXNativeTarget";
         buildConfigurationList = "OBJ_17";
         buildPhases = (
            "OBJ_20",
            "OBJ_23"
         );
         dependencies = (
         );
         name = "GCLog";
         productName = "GCLog";
         productReference = "GCLog::GCLog::Product";
         productType = "com.apple.product-type.framework";
      };
      "GCLog::GCLog::Product" = {
         isa = "PBXFileReference";
         path = "GCLog.framework";
         sourceTree = "BUILT_PRODUCTS_DIR";
      };
      "GCLog::GCLogPackageTests::ProductTarget" = {
         isa = "PBXAggregateTarget";
         buildConfigurationList = "OBJ_31";
         buildPhases = (
         );
         dependencies = (
            "OBJ_34"
         );
         name = "GCLogPackageTests";
         productName = "GCLogPackageTests";
      };
      "GCLog::GCLogTests" = {
         isa = "PBXNativeTarget";
         buildConfigurationList = "OBJ_36";
         buildPhases = (
            "OBJ_39",
            "OBJ_42"
         );
         dependencies = (
            "OBJ_44"
         );
         name = "GCLogTests";
         productName = "GCLogTests";
         productReference = "GCLog::GCLogTests::Product";
         productType = "com.apple.product-type.bundle.unit-test";
      };
      "GCLog::GCLogTests::Product" = {
         isa = "PBXFileReference";
         path = "GCLogTests.xctest";
         sourceTree = "BUILT_PRODUCTS_DIR";
      };
      "GCLog::SwiftPMPackageDescription" = {
         isa = "PBXNativeTarget";
         buildConfigurationList = "OBJ_25";
         buildPhases = (
            "OBJ_28"
         );
         dependencies = (
         );
         name = "GCLogPackageDescription";
         productName = "GCLogPackageDescription";
         productType = "com.apple.product-type.framework";
      };
      "OBJ_1" = {
         isa = "PBXProject";
         attributes = {
            LastSwiftMigration = "9999";
            LastUpgradeCheck = "9999";
         };
         buildConfigurationList = "OBJ_2";
         compatibilityVersion = "Xcode 3.2";
         developmentRegion = "en";
         hasScannedForEncodings = "0";
         knownRegions = (
            "en"
         );
         mainGroup = "OBJ_5";
         productRefGroup = "OBJ_13";
         projectDirPath = ".";
         targets = (
            "GCLog::GCLog",
            "GCLog::SwiftPMPackageDescription",
            "GCLog::GCLogPackageTests::ProductTarget",
            "GCLog::GCLogTests"
         );
      };
      "OBJ_10" = {
         isa = "PBXGroup";
         children = (
            "OBJ_11",
            "OBJ_12"
         );
         name = "Tests";
         path = "Tests";
         sourceTree = "SOURCE_ROOT";
      };
      "OBJ_11" = {
         isa = "PBXFileReference";
         path = "GCLogTests.swift";
         sourceTree = "<group>";
      };
      "OBJ_12" = {
         isa = "PBXFileReference";
         path = "URLRequestLogParserTests.swift";
         sourceTree = "<group>";
      };
      "OBJ_13" = {
         isa = "PBXGroup";
         children = (
            "GCLog::GCLog::Product",
            "GCLog::GCLogTests::Product"
         );
         name = "Products";
         path = "";
         sourceTree = "BUILT_PRODUCTS_DIR";
      };
      "OBJ_17" = {
         isa = "XCConfigurationList";
         buildConfigurations = (
            "OBJ_18",
            "OBJ_19"
         );
         defaultConfigurationIsVisible = "0";
         defaultConfigurationName = "Release";
      };
      "OBJ_18" = {
         isa = "XCBuildConfiguration";
         buildSettings = {
            CURRENT_PROJECT_VERSION = "1";
            DRIVERKIT_DEPLOYMENT_TARGET = "19.0";
            ENABLE_TESTABILITY = "YES";
            FRAMEWORK_SEARCH_PATHS = (
               "$(inherited)",
               "$(PLATFORM_DIR)/Developer/Library/Frameworks"
            );
            HEADER_SEARCH_PATHS = (
               "$(inherited)"
            );
            INFOPLIST_FILE = "GCLog.xcodeproj/GCLog_Info.plist";
            IPHONEOS_DEPLOYMENT_TARGET = "8.0";
            LD_RUNPATH_SEARCH_PATHS = (
               "$(inherited)",
               "$(TOOLCHAIN_DIR)/usr/lib/swift/macosx"
            );
            MACOSX_DEPLOYMENT_TARGET = "10.10";
            OTHER_CFLAGS = (
               "$(inherited)"
            );
            OTHER_LDFLAGS = (
               "$(inherited)"
            );
            OTHER_SWIFT_FLAGS = (
               "$(inherited)"
            );
            PRODUCT_BUNDLE_IDENTIFIER = "GCLog";
            PRODUCT_MODULE_NAME = "$(TARGET_NAME:c99extidentifier)";
            PRODUCT_NAME = "$(TARGET_NAME:c99extidentifier)";
            SKIP_INSTALL = "YES";
            SWIFT_ACTIVE_COMPILATION_CONDITIONS = (
               "$(inherited)"
            );
            SWIFT_VERSION = "5.0";
            TARGET_NAME = "GCLog";
            TVOS_DEPLOYMENT_TARGET = "9.0";
            WATCHOS_DEPLOYMENT_TARGET = "2.0";
         };
         name = "Debug";
      };
      "OBJ_19" = {
         isa = "XCBuildConfiguration";
         buildSettings = {
            CURRENT_PROJECT_VERSION = "1";
            DRIVERKIT_DEPLOYMENT_TARGET = "19.0";
            ENABLE_TESTABILITY = "YES";
            FRAMEWORK_SEARCH_PATHS = (
               "$(inherited)",
               "$(PLATFORM_DIR)/Developer/Library/Frameworks"
            );
            HEADER_SEARCH_PATHS = (
               "$(inherited)"
            );
            INFOPLIST_FILE = "GCLog.xcodeproj/GCLog_Info.plist";
            IPHONEOS_DEPLOYMENT_TARGET = "8.0";
            LD_RUNPATH_SEARCH_PATHS = (
               "$(inherited)",
               "$(TOOLCHAIN_DIR)/usr/lib/swift/macosx"
            );
            MACOSX_DEPLOYMENT_TARGET = "10.10";
            OTHER_CFLAGS = (
               "$(inherited)"
            );
            OTHER_LDFLAGS = (
               "$(inherited)"
            );
            OTHER_SWIFT_FLAGS = (
               "$(inherited)"
            );
            PRODUCT_BUNDLE_IDENTIFIER = "GCLog";
            PRODUCT_MODULE_NAME = "$(TARGET_NAME:c99extidentifier)";
            PRODUCT_NAME = "$(TARGET_NAME:c99extidentifier)";
            SKIP_INSTALL = "YES";
            SWIFT_ACTIVE_COMPILATION_CONDITIONS = (
               "$(inherited)"
            );
            SWIFT_VERSION = "5.0";
            TARGET_NAME = "GCLog";
            TVOS_DEPLOYMENT_TARGET = "9.0";
            WATCHOS_DEPLOYMENT_TARGET = "2.0";
         };
         name = "Release";
      };
      "OBJ_2" = {
         isa = "XCConfigurationList";
         buildConfigurations = (
            "OBJ_3",
            "OBJ_4"
         );
         defaultConfigurationIsVisible = "0";
         defaultConfigurationName = "Release";
      };
      "OBJ_20" = {
         isa = "PBXSourcesBuildPhase";
         files = (
            "OBJ_21",
            "OBJ_22"
         );
      };
      "OBJ_21" = {
         isa = "PBXBuildFile";
         fileRef = "OBJ_8";
      };
      "OBJ_22" = {
         isa = "PBXBuildFile";
         fileRef = "OBJ_9";
      };
      "OBJ_23" = {
         isa = "PBXFrameworksBuildPhase";
         files = (
         );
      };
      "OBJ_25" = {
         isa = "XCConfigurationList";
         buildConfigurations = (
            "OBJ_26",
            "OBJ_27"
         );
         defaultConfigurationIsVisible = "0";
         defaultConfigurationName = "Release";
      };
      "OBJ_26" = {
         isa = "XCBuildConfiguration";
         buildSettings = {
            LD = "/usr/bin/true";
            OTHER_SWIFT_FLAGS = (
               "-swift-version",
               "5",
               "-I",
               "$(TOOLCHAIN_DIR)/usr/lib/swift/pm/ManifestAPI",
               "-sdk",
               "/Applications/Xcode.app/Contents/Developer/Platforms/MacOSX.platform/Developer/SDKs/MacOSX12.1.sdk",
               "-package-description-version",
               "5.5.0"
            );
            SWIFT_VERSION = "5.0";
         };
         name = "Debug";
      };
      "OBJ_27" = {
         isa = "XCBuildConfiguration";
         buildSettings = {
            LD = "/usr/bin/true";
            OTHER_SWIFT_FLAGS = (
               "-swift-version",
               "5",
               "-I",
               "$(TOOLCHAIN_DIR)/usr/lib/swift/pm/ManifestAPI",
               "-sdk",
               "/Applications/Xcode.app/Contents/Developer/Platforms/MacOSX.platform/Developer/SDKs/MacOSX12.1.sdk",
               "-package-description-version",
               "5.5.0"
            );
            SWIFT_VERSION = "5.0";
         };
         name = "Release";
      };
      "OBJ_28" = {
         isa = "PBXSourcesBuildPhase";
         files = (
            "OBJ_29"
         );
      };
      "OBJ_29" = {
         isa = "PBXBuildFile";
         fileRef = "OBJ_6";
      };
      "OBJ_3" = {
         isa = "XCBuildConfiguration";
         buildSettings = {
            CLANG_ENABLE_OBJC_ARC = "YES";
            COMBINE_HIDPI_IMAGES = "YES";
            COPY_PHASE_STRIP = "NO";
            DEBUG_INFORMATION_FORMAT = "dwarf";
            DYLIB_INSTALL_NAME_BASE = "@rpath";
            ENABLE_NS_ASSERTIONS = "YES";
            GCC_OPTIMIZATION_LEVEL = "0";
            GCC_PREPROCESSOR_DEFINITIONS = (
               "$(inherited)",
               "SWIFT_PACKAGE=1",
               "DEBUG=1"
            );
            MACOSX_DEPLOYMENT_TARGET = "10.10";
            ONLY_ACTIVE_ARCH = "YES";
            OTHER_SWIFT_FLAGS = (
               "$(inherited)",
               "-DXcode"
            );
            PRODUCT_NAME = "$(TARGET_NAME)";
            SDKROOT = "macosx";
            SUPPORTED_PLATFORMS = (
               "$(AVAILABLE_PLATFORMS)"
            );
            SUPPORTS_MACCATALYST = "YES";
            SWIFT_ACTIVE_COMPILATION_CONDITIONS = (
               "$(inherited)",
               "SWIFT_PACKAGE",
               "DEBUG"
            );
            SWIFT_OPTIMIZATION_LEVEL = "-Onone";
            USE_HEADERMAP = "NO";
         };
         name = "Debug";
      };
      "OBJ_31" = {
         isa = "XCConfigurationList";
         buildConfigurations = (
            "OBJ_32",
            "OBJ_33"
         );
         defaultConfigurationIsVisible = "0";
         defaultConfigurationName = "Release";
      };
      "OBJ_32" = {
         isa = "XCBuildConfiguration";
         buildSettings = {
         };
         name = "Debug";
      };
      "OBJ_33" = {
         isa = "XCBuildConfiguration";
         buildSettings = {
         };
         name = "Release";
      };
      "OBJ_34" = {
         isa = "PBXTargetDependency";
         target = "GCLog::GCLogTests";
      };
      "OBJ_36" = {
         isa = "XCConfigurationList";
         buildConfigurations = (
            "OBJ_37",
            "OBJ_38"
         );
         defaultConfigurationIsVisible = "0";
         defaultConfigurationName = "Release";
      };
      "OBJ_37" = {
         isa = "XCBuildConfiguration";
         buildSettings = {
            CLANG_ENABLE_MODULES = "YES";
            CURRENT_PROJECT_VERSION = "1";
            DRIVERKIT_DEPLOYMENT_TARGET = "19.0";
            EMBEDDED_CONTENT_CONTAINS_SWIFT = "YES";
            FRAMEWORK_SEARCH_PATHS = (
               "$(inherited)",
               "$(PLATFORM_DIR)/Developer/Library/Frameworks"
            );
            HEADER_SEARCH_PATHS = (
               "$(inherited)"
            );
            INFOPLIST_FILE = "GCLog.xcodeproj/GCLogTests_Info.plist";
            IPHONEOS_DEPLOYMENT_TARGET = "14.0";
            LD_RUNPATH_SEARCH_PATHS = (
               "$(inherited)",
               "@loader_path/../Frameworks",
               "@loader_path/Frameworks"
            );
            MACOSX_DEPLOYMENT_TARGET = "11.0";
            OTHER_CFLAGS = (
               "$(inherited)"
            );
            OTHER_LDFLAGS = (
               "$(inherited)"
            );
            OTHER_SWIFT_FLAGS = (
               "$(inherited)"
            );
            SWIFT_ACTIVE_COMPILATION_CONDITIONS = (
               "$(inherited)"
            );
            SWIFT_VERSION = "5.0";
            TARGET_NAME = "GCLogTests";
            TVOS_DEPLOYMENT_TARGET = "14.0";
            WATCHOS_DEPLOYMENT_TARGET = "7.0";
         };
         name = "Debug";
      };
      "OBJ_38" = {
         isa = "XCBuildConfiguration";
         buildSettings = {
            CLANG_ENABLE_MODULES = "YES";
            CURRENT_PROJECT_VERSION = "1";
            DRIVERKIT_DEPLOYMENT_TARGET = "19.0";
            EMBEDDED_CONTENT_CONTAINS_SWIFT = "YES";
            FRAMEWORK_SEARCH_PATHS = (
               "$(inherited)",
               "$(PLATFORM_DIR)/Developer/Library/Frameworks"
            );
            HEADER_SEARCH_PATHS = (
               "$(inherited)"
            );
            INFOPLIST_FILE = "GCLog.xcodeproj/GCLogTests_Info.plist";
            IPHONEOS_DEPLOYMENT_TARGET = "14.0";
            LD_RUNPATH_SEARCH_PATHS = (
               "$(inherited)",
               "@loader_path/../Frameworks",
               "@loader_path/Frameworks"
            );
            MACOSX_DEPLOYMENT_TARGET = "11.0";
            OTHER_CFLAGS = (
               "$(inherited)"
            );
            OTHER_LDFLAGS = (
               "$(inherited)"
            );
            OTHER_SWIFT_FLAGS = (
               "$(inherited)"
            );
            SWIFT_ACTIVE_COMPILATION_CONDITIONS = (
               "$(inherited)"
            );
            SWIFT_VERSION = "5.0";
            TARGET_NAME = "GCLogTests";
            TVOS_DEPLOYMENT_TARGET = "14.0";
            WATCHOS_DEPLOYMENT_TARGET = "7.0";
         };
         name = "Release";
      };
      "OBJ_39" = {
         isa = "PBXSourcesBuildPhase";
         files = (
            "OBJ_40",
            "OBJ_41"
         );
      };
      "OBJ_4" = {
         isa = "XCBuildConfiguration";
         buildSettings = {
            CLANG_ENABLE_OBJC_ARC = "YES";
            COMBINE_HIDPI_IMAGES = "YES";
            COPY_PHASE_STRIP = "YES";
            DEBUG_INFORMATION_FORMAT = "dwarf-with-dsym";
            DYLIB_INSTALL_NAME_BASE = "@rpath";
            GCC_OPTIMIZATION_LEVEL = "s";
            GCC_PREPROCESSOR_DEFINITIONS = (
               "$(inherited)",
               "SWIFT_PACKAGE=1"
            );
            MACOSX_DEPLOYMENT_TARGET = "10.10";
            OTHER_SWIFT_FLAGS = (
               "$(inherited)",
               "-DXcode"
            );
            PRODUCT_NAME = "$(TARGET_NAME)";
            SDKROOT = "macosx";
            SUPPORTED_PLATFORMS = (
               "$(AVAILABLE_PLATFORMS)"
            );
            SUPPORTS_MACCATALYST = "YES";
            SWIFT_ACTIVE_COMPILATION_CONDITIONS = (
               "$(inherited)",
               "SWIFT_PACKAGE"
            );
            SWIFT_OPTIMIZATION_LEVEL = "-Owholemodule";
            USE_HEADERMAP = "NO";
         };
         name = "Release";
      };
      "OBJ_40" = {
         isa = "PBXBuildFile";
         fileRef = "OBJ_11";
      };
      "OBJ_41" = {
         isa = "PBXBuildFile";
         fileRef = "OBJ_12";
      };
      "OBJ_42" = {
         isa = "PBXFrameworksBuildPhase";
         files = (
            "OBJ_43"
         );
      };
      "OBJ_43" = {
         isa = "PBXBuildFile";
         fileRef = "GCLog::GCLog::Product";
      };
      "OBJ_44" = {
         isa = "PBXTargetDependency";
         target = "GCLog::GCLog";
      };
      "OBJ_5" = {
         isa = "PBXGroup";
         children = (
            "OBJ_6",
            "OBJ_7",
            "OBJ_10",
            "OBJ_13"
         );
         path = "";
         sourceTree = "<group>";
      };
      "OBJ_6" = {
         isa = "PBXFileReference";
         explicitFileType = "sourcecode.swift";
         path = "Package.swift";
         sourceTree = "<group>";
      };
      "OBJ_7" = {
         isa = "PBXGroup";
         children = (
            "OBJ_8",
            "OBJ_9"
         );
         name = "Sources";
         path = "Sources";
         sourceTree = "SOURCE_ROOT";
      };
      "OBJ_8" = {
         isa = "PBXFileReference";
         path = "GCLog.swift";
         sourceTree = "<group>";
      };
      "OBJ_9" = {
         isa = "PBXFileReference";
         path = "URLRequestLogParser.swift";
         sourceTree = "<group>";
      };
   };
   rootObject = "OBJ_1";
}
